
Microsoft Visual Studio Solution File, Format Version 12.00
# Visual Studio Version 17
VisualStudioVersion = 17.0.32014.148
MinimumVisualStudioVersion = 10.0.40219.1
Project("{9A19103F-16F7-4668-BE54-9A1E7A4F7556}") = "Domain", "Domain\Domain.csproj", "{D0FB5F86-A708-44D2-A8A1-9A950E523A2D}"
EndProject
Project("{2150E333-8FDC-42A3-9474-1A3956D46DE8}") = "tests", "tests", "{D00F20A2-5058-42E3-B0B0-2B416B1CA14F}"
EndProject
Project("{9A19103F-16F7-4668-BE54-9A1E7A4F7556}") = "Domain.UnitTests", "Domain.UnitTests\Domain.UnitTests.csproj", "{BB3D9C11-6ECE-4553-A7E8-927CF4191D83}"
EndProject
Project("{FAE04EC0-301F-11D3-BF4B-00C04F79EFBC}") = "XamarinUi.Android", "XamarinUi\XamarinUi.Android\XamarinUi.Android.csproj", "{50FF7031-DF91-4F56-806A-D3765F944D56}"
EndProject
Project("{FAE04EC0-301F-11D3-BF4B-00C04F79EFBC}") = "XamarinUi.iOS", "XamarinUi\XamarinUi.iOS\XamarinUi.iOS.csproj", "{0E881D07-AD3E-4EE2-8FA7-57D3065DE5A9}"
EndProject
Project("{9A19103F-16F7-4668-BE54-9A1E7A4F7556}") = "XamarinUi", "XamarinUi\XamarinUi\XamarinUi.csproj", "{FEBE4246-FD18-4517-A46B-8988FC885117}"
EndProject
Project("{9A19103F-16F7-4668-BE54-9A1E7A4F7556}") = "WebApi", "WebApi\WebApi.csproj", "{BEA46F85-3C3D-4215-A227-B8D1A36EEBCB}"
EndProject
Global
	GlobalSection(SolutionConfigurationPlatforms) = preSolution
		Debug|Any CPU = Debug|Any CPU
		Debug|iPhone = Debug|iPhone
		Debug|iPhoneSimulator = Debug|iPhoneSimulator
		Release|Any CPU = Release|Any CPU
		Release|iPhone = Release|iPhone
		Release|iPhoneSimulator = Release|iPhoneSimulator
	EndGlobalSection
	GlobalSection(ProjectConfigurationPlatforms) = postSolution
		{D0FB5F86-A708-44D2-A8A1-9A950E523A2D}.Debug|Any CPU.ActiveCfg = Debug|Any CPU
		{D0FB5F86-A708-44D2-A8A1-9A950E523A2D}.Debug|Any CPU.Build.0 = Debug|Any CPU
		{D0FB5F86-A708-44D2-A8A1-9A950E523A2D}.Debug|iPhone.ActiveCfg = Debug|Any CPU
		{D0FB5F86-A708-44D2-A8A1-9A950E523A2D}.Debug|iPhone.Build.0 = Debug|Any CPU
		{D0FB5F86-A708-44D2-A8A1-9A950E523A2D}.Debug|iPhoneSimulator.ActiveCfg = Debug|Any CPU
		{D0FB5F86-A708-44D2-A8A1-9A950E523A2D}.Debug|iPhoneSimulator.Build.0 = Debug|Any CPU
		{D0FB5F86-A708-44D2-A8A1-9A950E523A2D}.Release|Any CPU.ActiveCfg = Release|Any CPU
		{D0FB5F86-A708-44D2-A8A1-9A950E523A2D}.Release|Any CPU.Build.0 = Release|Any CPU
		{D0FB5F86-A708-44D2-A8A1-9A950E523A2D}.Release|iPhone.ActiveCfg = Release|Any CPU
		{D0FB5F86-A708-44D2-A8A1-9A950E523A2D}.Release|iPhone.Build.0 = Release|Any CPU
		{D0FB5F86-A708-44D2-A8A1-9A950E523A2D}.Release|iPhoneSimulator.ActiveCfg = Release|Any CPU
		{D0FB5F86-A708-44D2-A8A1-9A950E523A2D}.Release|iPhoneSimulator.Build.0 = Release|Any CPU
		{BB3D9C11-6ECE-4553-A7E8-927CF4191D83}.Debug|Any CPU.ActiveCfg = Debug|Any CPU
		{BB3D9C11-6ECE-4553-A7E8-927CF4191D83}.Debug|Any CPU.Build.0 = Debug|Any CPU
		{BB3D9C11-6ECE-4553-A7E8-927CF4191D83}.Debug|iPhone.ActiveCfg = Debug|Any CPU
		{BB3D9C11-6ECE-4553-A7E8-927CF4191D83}.Debug|iPhone.Build.0 = Debug|Any CPU
		{BB3D9C11-6ECE-4553-A7E8-927CF4191D83}.Debug|iPhoneSimulator.ActiveCfg = Debug|Any CPU
		{BB3D9C11-6ECE-4553-A7E8-927CF4191D83}.Debug|iPhoneSimulator.Build.0 = Debug|Any CPU
		{BB3D9C11-6ECE-4553-A7E8-927CF4191D83}.Release|Any CPU.ActiveCfg = Release|Any CPU
		{BB3D9C11-6ECE-4553-A7E8-927CF4191D83}.Release|Any CPU.Build.0 = Release|Any CPU
		{BB3D9C11-6ECE-4553-A7E8-927CF4191D83}.Release|iPhone.ActiveCfg = Release|Any CPU
		{BB3D9C11-6ECE-4553-A7E8-927CF4191D83}.Release|iPhone.Build.0 = Release|Any CPU
		{BB3D9C11-6ECE-4553-A7E8-927CF4191D83}.Release|iPhoneSimulator.ActiveCfg = Release|Any CPU
		{BB3D9C11-6ECE-4553-A7E8-927CF4191D83}.Release|iPhoneSimulator.Build.0 = Release|Any CPU
		{50FF7031-DF91-4F56-806A-D3765F944D56}.Debug|Any CPU.ActiveCfg = Debug|Any CPU
		{50FF7031-DF91-4F56-806A-D3765F944D56}.Debug|iPhone.ActiveCfg = Debug|Any CPU
		{50FF7031-DF91-4F56-806A-D3765F944D56}.Debug|iPhone.Build.0 = Debug|Any CPU
		{50FF7031-DF91-4F56-806A-D3765F944D56}.Debug|iPhone.Deploy.0 = Debug|Any CPU
		{50FF7031-DF91-4F56-806A-D3765F944D56}.Debug|iPhoneSimulator.ActiveCfg = Debug|Any CPU
		{50FF7031-DF91-4F56-806A-D3765F944D56}.Debug|iPhoneSimulator.Build.0 = Debug|Any CPU
		{50FF7031-DF91-4F56-806A-D3765F944D56}.Debug|iPhoneSimulator.Deploy.0 = Debug|Any CPU
		{50FF7031-DF91-4F56-806A-D3765F944D56}.Release|Any CPU.ActiveCfg = Release|Any CPU
		{50FF7031-DF91-4F56-806A-D3765F944D56}.Release|Any CPU.Build.0 = Release|Any CPU
		{50FF7031-DF91-4F56-806A-D3765F944D56}.Release|Any CPU.Deploy.0 = Release|Any CPU
		{50FF7031-DF91-4F56-806A-D3765F944D56}.Release|iPhone.ActiveCfg = Release|Any CPU
		{50FF7031-DF91-4F56-806A-D3765F944D56}.Release|iPhone.Build.0 = Release|Any CPU
		{50FF7031-DF91-4F56-806A-D3765F944D56}.Release|iPhone.Deploy.0 = Release|Any CPU
		{50FF7031-DF91-4F56-806A-D3765F944D56}.Release|iPhoneSimulator.ActiveCfg = Release|Any CPU
		{50FF7031-DF91-4F56-806A-D3765F944D56}.Release|iPhoneSimulator.Build.0 = Release|Any CPU
		{50FF7031-DF91-4F56-806A-D3765F944D56}.Release|iPhoneSimulator.Deploy.0 = Release|Any CPU
		{0E881D07-AD3E-4EE2-8FA7-57D3065DE5A9}.Debug|Any CPU.ActiveCfg = Debug|iPhoneSimulator
		{0E881D07-AD3E-4EE2-8FA7-57D3065DE5A9}.Debug|iPhone.ActiveCfg = Debug|iPhone
		{0E881D07-AD3E-4EE2-8FA7-57D3065DE5A9}.Debug|iPhone.Build.0 = Debug|iPhone
		{0E881D07-AD3E-4EE2-8FA7-57D3065DE5A9}.Debug|iPhoneSimulator.ActiveCfg = Debug|iPhoneSimulator
		{0E881D07-AD3E-4EE2-8FA7-57D3065DE5A9}.Debug|iPhoneSimulator.Build.0 = Debug|iPhoneSimulator
		{0E881D07-AD3E-4EE2-8FA7-57D3065DE5A9}.Release|Any CPU.ActiveCfg = Release|iPhoneSimulator
		{0E881D07-AD3E-4EE2-8FA7-57D3065DE5A9}.Release|Any CPU.Build.0 = Release|iPhoneSimulator
		{0E881D07-AD3E-4EE2-8FA7-57D3065DE5A9}.Release|iPhone.ActiveCfg = Release|iPhone
		{0E881D07-AD3E-4EE2-8FA7-57D3065DE5A9}.Release|iPhone.Build.0 = Release|iPhone
		{0E881D07-AD3E-4EE2-8FA7-57D3065DE5A9}.Release|iPhoneSimulator.ActiveCfg = Release|iPhoneSimulator
		{0E881D07-AD3E-4EE2-8FA7-57D3065DE5A9}.Release|iPhoneSimulator.Build.0 = Release|iPhoneSimulator
		{FEBE4246-FD18-4517-A46B-8988FC885117}.Debug|Any CPU.ActiveCfg = Debug|Any CPU
		{FEBE4246-FD18-4517-A46B-8988FC885117}.Debug|iPhone.ActiveCfg = Debug|Any CPU
		{FEBE4246-FD18-4517-A46B-8988FC885117}.Debug|iPhone.Build.0 = Debug|Any CPU
		{FEBE4246-FD18-4517-A46B-8988FC885117}.Debug|iPhoneSimulator.ActiveCfg = Debug|Any CPU
		{FEBE4246-FD18-4517-A46B-8988FC885117}.Debug|iPhoneSimulator.Build.0 = Debug|Any CPU
		{FEBE4246-FD18-4517-A46B-8988FC885117}.Release|Any CPU.ActiveCfg = Release|Any CPU
		{FEBE4246-FD18-4517-A46B-8988FC885117}.Release|Any CPU.Build.0 = Release|Any CPU
		{FEBE4246-FD18-4517-A46B-8988FC885117}.Release|iPhone.ActiveCfg = Release|Any CPU
		{FEBE4246-FD18-4517-A46B-8988FC885117}.Release|iPhone.Build.0 = Release|Any CPU
		{FEBE4246-FD18-4517-A46B-8988FC885117}.Release|iPhoneSimulator.ActiveCfg = Release|Any CPU
		{FEBE4246-FD18-4517-A46B-8988FC885117}.Release|iPhoneSimulator.Build.0 = Release|Any CPU
		{BEA46F85-3C3D-4215-A227-B8D1A36EEBCB}.Debug|Any CPU.ActiveCfg = Debug|Any CPU
		{BEA46F85-3C3D-4215-A227-B8D1A36EEBCB}.Debug|Any CPU.Build.0 = Debug|Any CPU
		{BEA46F85-3C3D-4215-A227-B8D1A36EEBCB}.Debug|iPhone.ActiveCfg = Debug|Any CPU
		{BEA46F85-3C3D-4215-A227-B8D1A36EEBCB}.Debug|iPhone.Build.0 = Debug|Any CPU
		{BEA46F85-3C3D-4215-A227-B8D1A36EEBCB}.Debug|iPhoneSimulator.ActiveCfg = Debug|Any CPU
		{BEA46F85-3C3D-4215-A227-B8D1A36EEBCB}.Debug|iPhoneSimulator.Build.0 = Debug|Any CPU
		{BEA46F85-3C3D-4215-A227-B8D1A36EEBCB}.Release|Any CPU.ActiveCfg = Release|Any CPU
		{BEA46F85-3C3D-4215-A227-B8D1A36EEBCB}.Release|Any CPU.Build.0 = Release|Any CPU
		{BEA46F85-3C3D-4215-A227-B8D1A36EEBCB}.Release|iPhone.ActiveCfg = Release|Any CPU
		{BEA46F85-3C3D-4215-A227-B8D1A36EEBCB}.Release|iPhone.Build.0 = Release|Any CPU
		{BEA46F85-3C3D-4215-A227-B8D1A36EEBCB}.Release|iPhoneSimulator.ActiveCfg = Release|Any CPU
		{BEA46F85-3C3D-4215-A227-B8D1A36EEBCB}.Release|iPhoneSimulator.Build.0 = Release|Any CPU
	EndGlobalSection
	GlobalSection(SolutionProperties) = preSolution
		HideSolutionNode = FALSE
	EndGlobalSection
	GlobalSection(NestedProjects) = preSolution
		{BB3D9C11-6ECE-4553-A7E8-927CF4191D83} = {D00F20A2-5058-42E3-B0B0-2B416B1CA14F}
	EndGlobalSection
	GlobalSection(ExtensibilityGlobals) = postSolution
		SolutionGuid = {32DCEE1D-0D8C-4497-87B1-D10DF97D07AB}
	EndGlobalSection
EndGlobal
